// !$*UTF8*$!
{
	archiveVersion = 1;
	classes = {
	};
	objectVersion = 46;
	objects = {

/* Begin PBXBuildFile section */
		95BA9E881A6EE5AE004F8DCB /* a.m4a in Resources */ = {isa = PBXBuildFile; fileRef = 95BA9E871A6EE5AE004F8DCB /* a.m4a */; };
		95BA9E8A1A6F457F004F8DCB /* TimesUpViewController.swift in Sources */ = {isa = PBXBuildFile; fileRef = 95BA9E891A6F457F004F8DCB /* TimesUpViewController.swift */; };
		95D2E1FF1A6D8CFB0082D16F /* sightWords.plist in Resources */ = {isa = PBXBuildFile; fileRef = 95D2E1FE1A6D8CFB0082D16F /* sightWords.plist */; };
		95D2E23F1A6E8E7C0082D16F /* SlapViewController.swift in Sources */ = {isa = PBXBuildFile; fileRef = 95D2E23E1A6E8E7C0082D16F /* SlapViewController.swift */; };
		95D8E3691A71A15700E0FD7D /* wrong.wav in Resources */ = {isa = PBXBuildFile; fileRef = 95D8E3681A71A15700E0FD7D /* wrong.wav */; };
		95F956F31A6C9E3B0057165E /* AppDelegate.swift in Sources */ = {isa = PBXBuildFile; fileRef = 95F956F21A6C9E3B0057165E /* AppDelegate.swift */; };
		95F956F51A6C9E3B0057165E /* ViewController.swift in Sources */ = {isa = PBXBuildFile; fileRef = 95F956F41A6C9E3B0057165E /* ViewController.swift */; };
		95F956F81A6C9E3B0057165E /* Main.storyboard in Resources */ = {isa = PBXBuildFile; fileRef = 95F956F61A6C9E3B0057165E /* Main.storyboard */; };
		95F956FA1A6C9E3B0057165E /* Images.xcassets in Resources */ = {isa = PBXBuildFile; fileRef = 95F956F91A6C9E3B0057165E /* Images.xcassets */; };
		95F956FD1A6C9E3B0057165E /* LaunchScreen.xib in Resources */ = {isa = PBXBuildFile; fileRef = 95F956FB1A6C9E3B0057165E /* LaunchScreen.xib */; };
		95F957091A6C9E3B0057165E /* SightWordSlapTests.swift in Sources */ = {isa = PBXBuildFile; fileRef = 95F957081A6C9E3B0057165E /* SightWordSlapTests.swift */; };
/* End PBXBuildFile section */

/* Begin PBXContainerItemProxy section */
		95F957031A6C9E3B0057165E /* PBXContainerItemProxy */ = {
			isa = PBXContainerItemProxy;
			containerPortal = 95F956E51A6C9E3A0057165E /* Project object */;
			proxyType = 1;
			remoteGlobalIDString = 95F956EC1A6C9E3B0057165E;
			remoteInfo = SightWordSlap;
		};
/* End PBXContainerItemProxy section */

/* Begin PBXFileReference section */
		95BA9E871A6EE5AE004F8DCB /* a.m4a */ = {isa = PBXFileReference; lastKnownFileType = file; path = a.m4a; sourceTree = "<group>"; };
		95BA9E891A6F457F004F8DCB /* TimesUpViewController.swift */ = {isa = PBXFileReference; fileEncoding = 4; lastKnownFileType = sourcecode.swift; path = TimesUpViewController.swift; sourceTree = "<group>"; };
		95D2E1FE1A6D8CFB0082D16F /* sightWords.plist */ = {isa = PBXFileReference; fileEncoding = 4; lastKnownFileType = text.plist.xml; path = sightWords.plist; sourceTree = "<group>"; };
		95D2E23E1A6E8E7C0082D16F /* SlapViewController.swift */ = {isa = PBXFileReference; fileEncoding = 4; lastKnownFileType = sourcecode.swift; path = SlapViewController.swift; sourceTree = "<group>"; };
		95D8E3681A71A15700E0FD7D /* wrong.wav */ = {isa = PBXFileReference; lastKnownFileType = audio.wav; path = wrong.wav; sourceTree = "<group>"; };
		95F956ED1A6C9E3B0057165E /* SightWordSlap.app */ = {isa = PBXFileReference; explicitFileType = wrapper.application; includeInIndex = 0; path = SightWordSlap.app; sourceTree = BUILT_PRODUCTS_DIR; };
		95F956F11A6C9E3B0057165E /* Info.plist */ = {isa = PBXFileReference; lastKnownFileType = text.plist.xml; path = Info.plist; sourceTree = "<group>"; };
		95F956F21A6C9E3B0057165E /* AppDelegate.swift */ = {isa = PBXFileReference; lastKnownFileType = sourcecode.swift; path = AppDelegate.swift; sourceTree = "<group>"; };
		95F956F41A6C9E3B0057165E /* ViewController.swift */ = {isa = PBXFileReference; lastKnownFileType = sourcecode.swift; path = ViewController.swift; sourceTree = "<group>"; };
		95F956F71A6C9E3B0057165E /* Base */ = {isa = PBXFileReference; lastKnownFileType = file.storyboard; name = Base; path = Base.lproj/Main.storyboard; sourceTree = "<group>"; };
		95F956F91A6C9E3B0057165E /* Images.xcassets */ = {isa = PBXFileReference; lastKnownFileType = folder.assetcatalog; path = Images.xcassets; sourceTree = "<group>"; };
		95F956FC1A6C9E3B0057165E /* Base */ = {isa = PBXFileReference; lastKnownFileType = file.xib; name = Base; path = Base.lproj/LaunchScreen.xib; sourceTree = "<group>"; };
		95F957021A6C9E3B0057165E /* SightWordSlapTests.xctest */ = {isa = PBXFileReference; explicitFileType = wrapper.cfbundle; includeInIndex = 0; path = SightWordSlapTests.xctest; sourceTree = BUILT_PRODUCTS_DIR; };
		95F957071A6C9E3B0057165E /* Info.plist */ = {isa = PBXFileReference; lastKnownFileType = text.plist.xml; path = Info.plist; sourceTree = "<group>"; };
		95F957081A6C9E3B0057165E /* SightWordSlapTests.swift */ = {isa = PBXFileReference; lastKnownFileType = sourcecode.swift; path = SightWordSlapTests.swift; sourceTree = "<group>"; };
/* End PBXFileReference section */

/* Begin PBXFrameworksBuildPhase section */
		95F956EA1A6C9E3B0057165E /* Frameworks */ = {
			isa = PBXFrameworksBuildPhase;
			buildActionMask = 2147483647;
			files = (
			);
			runOnlyForDeploymentPostprocessing = 0;
		};
		95F956FF1A6C9E3B0057165E /* Frameworks */ = {
			isa = PBXFrameworksBuildPhase;
			buildActionMask = 2147483647;
			files = (
			);
			runOnlyForDeploymentPostprocessing = 0;
		};
/* End PBXFrameworksBuildPhase section */

/* Begin PBXGroup section */
		95BA9E801A6EDFFD004F8DCB /* audio */ = {
			isa = PBXGroup;
			children = (
				95D8E3681A71A15700E0FD7D /* wrong.wav */,
				95BA9E871A6EE5AE004F8DCB /* a.m4a */,
			);
			name = audio;
			sourceTree = "<group>";
		};
		95F956E41A6C9E3A0057165E = {
			isa = PBXGroup;
			children = (
				95F956EF1A6C9E3B0057165E /* SightWordSlap */,
				95F957051A6C9E3B0057165E /* SightWordSlapTests */,
				95F956EE1A6C9E3B0057165E /* Products */,
			);
			sourceTree = "<group>";
		};
		95F956EE1A6C9E3B0057165E /* Products */ = {
			isa = PBXGroup;
			children = (
				95F956ED1A6C9E3B0057165E /* SightWordSlap.app */,
				95F957021A6C9E3B0057165E /* SightWordSlapTests.xctest */,
			);
			name = Products;
			sourceTree = "<group>";
		};
		95F956EF1A6C9E3B0057165E /* SightWordSlap */ = {
			isa = PBXGroup;
			children = (
				95BA9E801A6EDFFD004F8DCB /* audio */,
				95F956F21A6C9E3B0057165E /* AppDelegate.swift */,
				95F956F41A6C9E3B0057165E /* ViewController.swift */,
				95F956F61A6C9E3B0057165E /* Main.storyboard */,
				95F956F91A6C9E3B0057165E /* Images.xcassets */,
				95F956FB1A6C9E3B0057165E /* LaunchScreen.xib */,
				95F956F01A6C9E3B0057165E /* Supporting Files */,
				95D2E23E1A6E8E7C0082D16F /* SlapViewController.swift */,
				95BA9E891A6F457F004F8DCB /* TimesUpViewController.swift */,
			);
			path = SightWordSlap;
			sourceTree = "<group>";
		};
		95F956F01A6C9E3B0057165E /* Supporting Files */ = {
			isa = PBXGroup;
			children = (
				95F956F11A6C9E3B0057165E /* Info.plist */,
				95D2E1FE1A6D8CFB0082D16F /* sightWords.plist */,
			);
			name = "Supporting Files";
			sourceTree = "<group>";
		};
		95F957051A6C9E3B0057165E /* SightWordSlapTests */ = {
			isa = PBXGroup;
			children = (
				95F957081A6C9E3B0057165E /* SightWordSlapTests.swift */,
				95F957061A6C9E3B0057165E /* Supporting Files */,
			);
			path = SightWordSlapTests;
			sourceTree = "<group>";
		};
		95F957061A6C9E3B0057165E /* Supporting Files */ = {
			isa = PBXGroup;
			children = (
				95F957071A6C9E3B0057165E /* Info.plist */,
			);
			name = "Supporting Files";
			sourceTree = "<group>";
		};
/* End PBXGroup section */

/* Begin PBXNativeTarget section */
		95F956EC1A6C9E3B0057165E /* SightWordSlap */ = {
			isa = PBXNativeTarget;
			buildConfigurationList = 95F9570C1A6C9E3B0057165E /* Build configuration list for PBXNativeTarget "SightWordSlap" */;
			buildPhases = (
				95F956E91A6C9E3B0057165E /* Sources */,
				95F956EA1A6C9E3B0057165E /* Frameworks */,
				95F956EB1A6C9E3B0057165E /* Resources */,
			);
			buildRules = (
			);
			dependencies = (
			);
			name = SightWordSlap;
			productName = SightWordSlap;
			productReference = 95F956ED1A6C9E3B0057165E /* SightWordSlap.app */;
			productType = "com.apple.product-type.application";
		};
		95F957011A6C9E3B0057165E /* SightWordSlapTests */ = {
			isa = PBXNativeTarget;
			buildConfigurationList = 95F9570F1A6C9E3B0057165E /* Build configuration list for PBXNativeTarget "SightWordSlapTests" */;
			buildPhases = (
				95F956FE1A6C9E3B0057165E /* Sources */,
				95F956FF1A6C9E3B0057165E /* Frameworks */,
				95F957001A6C9E3B0057165E /* Resources */,
			);
			buildRules = (
			);
			dependencies = (
				95F957041A6C9E3B0057165E /* PBXTargetDependency */,
			);
			name = SightWordSlapTests;
			productName = SightWordSlapTests;
			productReference = 95F957021A6C9E3B0057165E /* SightWordSlapTests.xctest */;
			productType = "com.apple.product-type.bundle.unit-test";
		};
/* End PBXNativeTarget section */

/* Begin PBXProject section */
		95F956E51A6C9E3A0057165E /* Project object */ = {
			isa = PBXProject;
			attributes = {
				LastUpgradeCheck = 0610;
				ORGANIZATIONNAME = "Christopher Manciero";
				TargetAttributes = {
					95F956EC1A6C9E3B0057165E = {
						CreatedOnToolsVersion = 6.1.1;
						DevelopmentTeam = YZSE9EKZ5C;
					};
					95F957011A6C9E3B0057165E = {
						CreatedOnToolsVersion = 6.1.1;
						TestTargetID = 95F956EC1A6C9E3B0057165E;
					};
				};
			};
			buildConfigurationList = 95F956E81A6C9E3A0057165E /* Build configuration list for PBXProject "SightWordSlap" */;
			compatibilityVersion = "Xcode 3.2";
			developmentRegion = English;
			hasScannedForEncodings = 0;
			knownRegions = (
				en,
				Base,
			);
			mainGroup = 95F956E41A6C9E3A0057165E;
			productRefGroup = 95F956EE1A6C9E3B0057165E /* Products */;
			projectDirPath = "";
			projectRoot = "";
			targets = (
				95F956EC1A6C9E3B0057165E /* SightWordSlap */,
				95F957011A6C9E3B0057165E /* SightWordSlapTests */,
			);
		};
/* End PBXProject section */

/* Begin PBXResourcesBuildPhase section */
		95F956EB1A6C9E3B0057165E /* Resources */ = {
			isa = PBXResourcesBuildPhase;
			buildActionMask = 2147483647;
			files = (
				95D2E1FF1A6D8CFB0082D16F /* sightWords.plist in Resources */,
				95BA9E881A6EE5AE004F8DCB /* a.m4a in Resources */,
				95F956F81A6C9E3B0057165E /* Main.storyboard in Resources */,
				95F956FD1A6C9E3B0057165E /* LaunchScreen.xib in Resources */,
				95D8E3691A71A15700E0FD7D /* wrong.wav in Resources */,
				95F956FA1A6C9E3B0057165E /* Images.xcassets in Resources */,
			);
			runOnlyForDeploymentPostprocessing = 0;
		};
		95F957001A6C9E3B0057165E /* Resources */ = {
			isa = PBXResourcesBuildPhase;
			buildActionMask = 2147483647;
			files = (
			);
			runOnlyForDeploymentPostprocessing = 0;
		};
/* End PBXResourcesBuildPhase section */

/* Begin PBXSourcesBuildPhase section */
		95F956E91A6C9E3B0057165E /* Sources */ = {
			isa = PBXSourcesBuildPhase;
			buildActionMask = 2147483647;
			files = (
				95BA9E8A1A6F457F004F8DCB /* TimesUpViewController.swift in Sources */,
				95F956F51A6C9E3B0057165E /* ViewController.swift in Sources */,
				95D2E23F1A6E8E7C0082D16F /* SlapViewController.swift in Sources */,
				95F956F31A6C9E3B0057165E /* AppDelegate.swift in Sources */,
			);
			runOnlyForDeploymentPostprocessing = 0;
		};
		95F956FE1A6C9E3B0057165E /* Sources */ = {
			isa = PBXSourcesBuildPhase;
			buildActionMask = 2147483647;
			files = (
				95F957091A6C9E3B0057165E /* SightWordSlapTests.swift in Sources */,
			);
			runOnlyForDeploymentPostprocessing = 0;
		};
/* End PBXSourcesBuildPhase section */

/* Begin PBXTargetDependency section */
		95F957041A6C9E3B0057165E /* PBXTargetDependency */ = {
			isa = PBXTargetDependency;
			target = 95F956EC1A6C9E3B0057165E /* SightWordSlap */;
			targetProxy = 95F957031A6C9E3B0057165E /* PBXContainerItemProxy */;
		};
/* End PBXTargetDependency section */

/* Begin PBXVariantGroup section */
		95F956F61A6C9E3B0057165E /* Main.storyboard */ = {
			isa = PBXVariantGroup;
			children = (
				95F956F71A6C9E3B0057165E /* Base */,
			);
			name = Main.storyboard;
			sourceTree = "<group>";
		};
		95F956FB1A6C9E3B0057165E /* LaunchScreen.xib */ = {
			isa = PBXVariantGroup;
			children = (
				95F956FC1A6C9E3B0057165E /* Base */,
			);
			name = LaunchScreen.xib;
			sourceTree = "<group>";
		};
/* End PBXVariantGroup section */

/* Begin XCBuildConfiguration section */
		95F9570A1A6C9E3B0057165E /* Debug */ = {
			isa = XCBuildConfiguration;
			buildSettings = {
				ALWAYS_SEARCH_USER_PATHS = NO;
				CLANG_CXX_LANGUAGE_STANDARD = "gnu++0x";
				CLANG_CXX_LIBRARY = "libc++";
				CLANG_ENABLE_MODULES = YES;
				CLANG_ENABLE_OBJC_ARC = YES;
				CLANG_WARN_BOOL_CONVERSION = YES;
				CLANG_WARN_CONSTANT_CONVERSION = YES;
				CLANG_WARN_DIRECT_OBJC_ISA_USAGE = YES_ERROR;
				CLANG_WARN_EMPTY_BODY = YES;
				CLANG_WARN_ENUM_CONVERSION = YES;
				CLANG_WARN_INT_CONVERSION = YES;
				CLANG_WARN_OBJC_ROOT_CLASS = YES_ERROR;
				CLANG_WARN_UNREACHABLE_CODE = YES;
				CLANG_WARN__DUPLICATE_METHOD_MATCH = YES;
				"CODE_SIGN_IDENTITY[sdk=iphoneos*]" = "iPhone Developer";
				COPY_PHASE_STRIP = NO;
				ENABLE_STRICT_OBJC_MSGSEND = YES;
				GCC_C_LANGUAGE_STANDARD = gnu99;
				GCC_DYNAMIC_NO_PIC = NO;
				GCC_OPTIMIZATION_LEVEL = 0;
				GCC_PREPROCESSOR_DEFINITIONS = (
					"DEBUG=1",
					"$(inherited)",
				);
				GCC_SYMBOLS_PRIVATE_EXTERN = NO;
				GCC_WARN_64_TO_32_BIT_CONVERSION = YES;
				GCC_WARN_ABOUT_RETURN_TYPE = YES_ERROR;
				GCC_WARN_UNDECLARED_SELECTOR = YES;
				GCC_WARN_UNINITIALIZED_AUTOS = YES_AGGRESSIVE;
				GCC_WARN_UNUSED_FUNCTION = YES;
				GCC_WARN_UNUSED_VARIABLE = YES;
				IPHONEOS_DEPLOYMENT_TARGET = 8.1;
				MTL_ENABLE_DEBUG_INFO = YES;
				ONLY_ACTIVE_ARCH = YES;
				SDKROOT = iphoneos;
				SWIFT_OPTIMIZATION_LEVEL = "-Onone";
				TARGETED_DEVICE_FAMILY = "1,2";
			};
			name = Debug;
		};
		95F9570B1A6C9E3B0057165E /* Release */ = {
			isa = XCBuildConfiguration;
			buildSettings = {
				ALWAYS_SEARCH_USER_PATHS = NO;
				CLANG_CXX_LANGUAGE_STANDARD = "gnu++0x";
				CLANG_CXX_LIBRARY = "libc++";
				CLANG_ENABLE_MODULES = YES;
				CLANG_ENABLE_OBJC_ARC = YES;
				CLANG_WARN_BOOL_CONVERSION = YES;
				CLANG_WARN_CONSTANT_CONVERSION = YES;
				CLANG_WARN_DIRECT_OBJC_ISA_USAGE = YES_ERROR;
				CLANG_WARN_EMPTY_BODY = YES;
				CLANG_WARN_ENUM_CONVERSION = YES;
				CLANG_WARN_INT_CONVERSION = YES;
				CLANG_WARN_OBJC_ROOT_CLASS = YES_ERROR;
				CLANG_WARN_UNREACHABLE_CODE = YES;
				CLANG_WARN__DUPLICATE_METHOD_MATCH = YES;
				"CODE_SIGN_IDENTITY[sdk=iphoneos*]" = "iPhone Developer";
				COPY_PHASE_STRIP = YES;
				ENABLE_NS_ASSERTIONS = NO;
				ENABLE_STRICT_OBJC_MSGSEND = YES;
				GCC_C_LANGUAGE_STANDARD = gnu99;
				GCC_WARN_64_TO_32_BIT_CONVERSION = YES;
				GCC_WARN_ABOUT_RETURN_TYPE = YES_ERROR;
				GCC_WARN_UNDECLARED_SELECTOR = YES;
				GCC_WARN_UNINITIALIZED_AUTOS = YES_AGGRESSIVE;
				GCC_WARN_UNUSED_FUNCTION = YES;
				GCC_WARN_UNUSED_VARIABLE = YES;
				IPHONEOS_DEPLOYMENT_TARGET = 8.1;
				MTL_ENABLE_DEBUG_INFO = NO;
				SDKROOT = iphoneos;
				TARGETED_DEVICE_FAMILY = "1,2";
				VALIDATE_PRODUCT = YES;
			};
			name = Release;
		};
		95F9570D1A6C9E3B0057165E /* Debug */ = {
			isa = XCBuildConfiguration;
			buildSettings = {
				ASSETCATALOG_COMPILER_APPICON_NAME = AppIcon;
				CODE_SIGN_IDENTITY = "iPhone Developer";
				INFOPLIST_FILE = SightWordSlap/Info.plist;
				LD_RUNPATH_SEARCH_PATHS = "$(inherited) @executable_path/Frameworks";
				PRODUCT_NAME = "$(TARGET_NAME)";
			};
			name = Debug;
		};
		95F9570E1A6C9E3B0057165E /* Release */ = {
			isa = XCBuildConfiguration;
			buildSettings = {
				ASSETCATALOG_COMPILER_APPICON_NAME = AppIcon;
				CODE_SIGN_IDENTITY = "iPhone Developer";
				INFOPLIST_FILE = SightWordSlap/Info.plist;
				LD_RUNPATH_SEARCH_PATHS = "$(inherited) @executable_path/Frameworks";
				PRODUCT_NAME = "$(TARGET_NAME)";
			};
			name = Release;
		};
		95F957101A6C9E3B0057165E /* Debug */ = {
			isa = XCBuildConfiguration;
			buildSettings = {
				BUNDLE_LOADER = "$(TEST_HOST)";
				FRAMEWORK_SEARCH_PATHS = (
					"$(SDKROOT)/Developer/Library/Frameworks",
					"$(inherited)",
				);
				GCC_PREPROCESSOR_DEFINITIONS = (
					"DEBUG=1",
					"$(inherited)",
				);
				INFOPLIST_FILE = SightWordSlapTests/Info.plist;
				LD_RUNPATH_SEARCH_PATHS = "$(inherited) @executable_path/Frameworks @loader_path/Frameworks";
				PRODUCT_NAME = "$(TARGET_NAME)";
				TEST_HOST = "$(BUILT_PRODUCTS_DIR)/SightWordSlap.app/SightWordSlap";
			};
			name = Debug;
		};
		95F957111A6C9E3B0057165E /* Release */ = {
			isa = XCBuildConfiguration;
			buildSettings = {
				BUNDLE_LOADER = "$(TEST_HOST)";
				FRAMEWORK_SEARCH_PATHS = (
					"$(SDKROOT)/Developer/Library/Frameworks",
					"$(inherited)",
				);
				INFOPLIST_FILE = SightWordSlapTests/Info.plist;
				LD_RUNPATH_SEARCH_PATHS = "$(inherited) @executable_path/Frameworks @loader_path/Frameworks";
				PRODUCT_NAME = "$(TARGET_NAME)";
				TEST_HOST = "$(BUILT_PRODUCTS_DIR)/SightWordSlap.app/SightWordSlap";
			};
			name = Release;
		};
/* End XCBuildConfiguration section */

/* Begin XCConfigurationList section */
		95F956E81A6C9E3A0057165E /* Build configuration list for PBXProject "SightWordSlap" */ = {
			isa = XCConfigurationList;
			buildConfigurations = (
				95F9570A1A6C9E3B0057165E /* Debug */,
				95F9570B1A6C9E3B0057165E /* Release */,
			);
			defaultConfigurationIsVisible = 0;
			defaultConfigurationName = Release;
		};
		95F9570C1A6C9E3B0057165E /* Build configuration list for PBXNativeTarget "SightWordSlap" */ = {
			isa = XCConfigurationList;
			buildConfigurations = (
				95F9570D1A6C9E3B0057165E /* Debug */,
				95F9570E1A6C9E3B0057165E /* Release */,
			);
			defaultConfigurationIsVisible = 0;
			defaultConfigurationName = Release;
		};
		95F9570F1A6C9E3B0057165E /* Build configuration list for PBXNativeTarget "SightWordSlapTests" */ = {
			isa = XCConfigurationList;
			buildConfigurations = (
				95F957101A6C9E3B0057165E /* Debug */,
				95F957111A6C9E3B0057165E /* Release */,
			);
			defaultConfigurationIsVisible = 0;
			defaultConfigurationName = Release;
		};
/* End XCConfigurationList section */
	};
	rootObject = 95F956E51A6C9E3A0057165E /* Project object */;
}
